
Microsoft Visual Studio Solution File, Format Version 12.00
# Visual Studio Version 17
VisualStudioVersion = 17.0.31903.59
MinimumVisualStudioVersion = 10.0.40219.1
Project("{2150E333-8FDC-42A3-9474-1A3956D46DE8}") = "src", "src", "{8605916B-36D7-43E3-B072-CFEDD452D21F}"
EndProject
Project("{FAE04EC0-301F-11D3-BF4B-00C04F79EFBC}") = "CommandAPI", "src\CommandAPI\CommandAPI.csproj", "{9293775A-0512-419E-B803-F1E4214A1EA0}"
EndProject
Project("{2150E333-8FDC-42A3-9474-1A3956D46DE8}") = "test", "test", "{1008C75D-601D-4266-BFE2-44FD6B9379E4}"
EndProject
Project("{FAE04EC0-301F-11D3-BF4B-00C04F79EFBC}") = "CommandAPI.Tests", "test\CommandAPI.Tests\CommandAPI.Tests.csproj", "{9056C89F-C84B-4CA0-A3ED-7CDF16804CD0}"
EndProject
Global
	GlobalSection(SolutionConfigurationPlatforms) = preSolution
		Debug|Any CPU = Debug|Any CPU
		Release|Any CPU = Release|Any CPU
	EndGlobalSection
	GlobalSection(SolutionProperties) = preSolution
		HideSolutionNode = FALSE
	EndGlobalSection
	GlobalSection(ProjectConfigurationPlatforms) = postSolution
		{9293775A-0512-419E-B803-F1E4214A1EA0}.Debug|Any CPU.ActiveCfg = Debug|Any CPU
		{9293775A-0512-419E-B803-F1E4214A1EA0}.Debug|Any CPU.Build.0 = Debug|Any CPU
		{9293775A-0512-419E-B803-F1E4214A1EA0}.Release|Any CPU.ActiveCfg = Release|Any CPU
		{9293775A-0512-419E-B803-F1E4214A1EA0}.Release|Any CPU.Build.0 = Release|Any CPU
		{9056C89F-C84B-4CA0-A3ED-7CDF16804CD0}.Debug|Any CPU.ActiveCfg = Debug|Any CPU
		{9056C89F-C84B-4CA0-A3ED-7CDF16804CD0}.Debug|Any CPU.Build.0 = Debug|Any CPU
		{9056C89F-C84B-4CA0-A3ED-7CDF16804CD0}.Release|Any CPU.ActiveCfg = Release|Any CPU
		{9056C89F-C84B-4CA0-A3ED-7CDF16804CD0}.Release|Any CPU.Build.0 = Release|Any CPU
	EndGlobalSection
	GlobalSection(NestedProjects) = preSolution
		{9293775A-0512-419E-B803-F1E4214A1EA0} = {8605916B-36D7-43E3-B072-CFEDD452D21F}
		{9056C89F-C84B-4CA0-A3ED-7CDF16804CD0} = {1008C75D-601D-4266-BFE2-44FD6B9379E4}
	EndGlobalSection
EndGlobal
